// !$*UTF8*$!
{
	archiveVersion = 1;
	classes = {
	};
	objectVersion = 46;
	objects = {

/* Begin PBXBuildFile section */
		59B6DC42193BC34B00E1AE0D /* Foundation.framework in Frameworks */ = {isa = PBXBuildFile; fileRef = 59B6DC41193BC34B00E1AE0D /* Foundation.framework */; };
		59B6DC44193BC34C00E1AE0D /* CoreGraphics.framework in Frameworks */ = {isa = PBXBuildFile; fileRef = 59B6DC43193BC34C00E1AE0D /* CoreGraphics.framework */; };
		59B6DC46193BC34C00E1AE0D /* UIKit.framework in Frameworks */ = {isa = PBXBuildFile; fileRef = 59B6DC45193BC34C00E1AE0D /* UIKit.framework */; };
		59B6DC4C193BC34C00E1AE0D /* InfoPlist.strings in Resources */ = {isa = PBXBuildFile; fileRef = 59B6DC4A193BC34C00E1AE0D /* InfoPlist.strings */; };
		59B6DC4E193BC34C00E1AE0D /* main.m in Sources */ = {isa = PBXBuildFile; fileRef = 59B6DC4D193BC34C00E1AE0D /* main.m */; };
		59B6DC52193BC34C00E1AE0D /* AppDelegate.m in Sources */ = {isa = PBXBuildFile; fileRef = 59B6DC51193BC34C00E1AE0D /* AppDelegate.m */; };
		59B6DC55193BC34C00E1AE0D /* Main_iPhone.storyboard in Resources */ = {isa = PBXBuildFile; fileRef = 59B6DC53193BC34C00E1AE0D /* Main_iPhone.storyboard */; };
		59B6DC58193BC34C00E1AE0D /* Main_iPad.storyboard in Resources */ = {isa = PBXBuildFile; fileRef = 59B6DC56193BC34C00E1AE0D /* Main_iPad.storyboard */; };
		59B6DC5B193BC34C00E1AE0D /* ViewController.m in Sources */ = {isa = PBXBuildFile; fileRef = 59B6DC5A193BC34C00E1AE0D /* ViewController.m */; };
		59B6DC5D193BC34C00E1AE0D /* Images.xcassets in Resources */ = {isa = PBXBuildFile; fileRef = 59B6DC5C193BC34C00E1AE0D /* Images.xcassets */; };
		59B6DC64193BC34C00E1AE0D /* XCTest.framework in Frameworks */ = {isa = PBXBuildFile; fileRef = 59B6DC63193BC34C00E1AE0D /* XCTest.framework */; };
		59B6DC65193BC34C00E1AE0D /* Foundation.framework in Frameworks */ = {isa = PBXBuildFile; fileRef = 59B6DC41193BC34B00E1AE0D /* Foundation.framework */; };
		59B6DC66193BC34C00E1AE0D /* UIKit.framework in Frameworks */ = {isa = PBXBuildFile; fileRef = 59B6DC45193BC34C00E1AE0D /* UIKit.framework */; };
		59B6DC6E193BC34C00E1AE0D /* InfoPlist.strings in Resources */ = {isa = PBXBuildFile; fileRef = 59B6DC6C193BC34C00E1AE0D /* InfoPlist.strings */; };
		59B6DC70193BC34C00E1AE0D /* Impact_of_a_ClaimTests.m in Sources */ = {isa = PBXBuildFile; fileRef = 59B6DC6F193BC34C00E1AE0D /* Impact_of_a_ClaimTests.m */; };
/* End PBXBuildFile section */

/* Begin PBXContainerItemProxy section */
		59B6DC67193BC34C00E1AE0D /* PBXContainerItemProxy */ = {
			isa = PBXContainerItemProxy;
			containerPortal = 59B6DC36193BC34B00E1AE0D /* Project object */;
			proxyType = 1;
			remoteGlobalIDString = 59B6DC3D193BC34B00E1AE0D;
			remoteInfo = "Impact of a Claim";
		};
/* End PBXContainerItemProxy section */

/* Begin PBXFileReference section */
		59B6DC3E193BC34B00E1AE0D /* Impact of a Claim.app */ = {isa = PBXFileReference; explicitFileType = wrapper.application; includeInIndex = 0; path = "Impact of a Claim.app"; sourceTree = BUILT_PRODUCTS_DIR; };
		59B6DC41193BC34B00E1AE0D /* Foundation.framework */ = {isa = PBXFileReference; lastKnownFileType = wrapper.framework; name = Foundation.framework; path = System/Library/Frameworks/Foundation.framework; sourceTree = SDKROOT; };
		59B6DC43193BC34C00E1AE0D /* CoreGraphics.framework */ = {isa = PBXFileReference; lastKnownFileType = wrapper.framework; name = CoreGraphics.framework; path = System/Library/Frameworks/CoreGraphics.framework; sourceTree = SDKROOT; };
		59B6DC45193BC34C00E1AE0D /* UIKit.framework */ = {isa = PBXFileReference; lastKnownFileType = wrapper.framework; name = UIKit.framework; path = System/Library/Frameworks/UIKit.framework; sourceTree = SDKROOT; };
		59B6DC49193BC34C00E1AE0D /* Impact of a Claim-Info.plist */ = {isa = PBXFileReference; lastKnownFileType = text.plist.xml; path = "Impact of a Claim-Info.plist"; sourceTree = "<group>"; };
		59B6DC4B193BC34C00E1AE0D /* en */ = {isa = PBXFileReference; lastKnownFileType = text.plist.strings; name = en; path = en.lproj/InfoPlist.strings; sourceTree = "<group>"; };
		59B6DC4D193BC34C00E1AE0D /* main.m */ = {isa = PBXFileReference; lastKnownFileType = sourcecode.c.objc; path = main.m; sourceTree = "<group>"; };
		59B6DC4F193BC34C00E1AE0D /* Impact of a Claim-Prefix.pch */ = {isa = PBXFileReference; lastKnownFileType = sourcecode.c.h; path = "Impact of a Claim-Prefix.pch"; sourceTree = "<group>"; };
		59B6DC50193BC34C00E1AE0D /* AppDelegate.h */ = {isa = PBXFileReference; lastKnownFileType = sourcecode.c.h; path = AppDelegate.h; sourceTree = "<group>"; };
		59B6DC51193BC34C00E1AE0D /* AppDelegate.m */ = {isa = PBXFileReference; lastKnownFileType = sourcecode.c.objc; path = AppDelegate.m; sourceTree = "<group>"; };
		59B6DC54193BC34C00E1AE0D /* Base */ = {isa = PBXFileReference; lastKnownFileType = file.storyboard; name = Base; path = Base.lproj/Main_iPhone.storyboard; sourceTree = "<group>"; };
		59B6DC57193BC34C00E1AE0D /* Base */ = {isa = PBXFileReference; lastKnownFileType = file.storyboard; name = Base; path = Base.lproj/Main_iPad.storyboard; sourceTree = "<group>"; };
		59B6DC59193BC34C00E1AE0D /* ViewController.h */ = {isa = PBXFileReference; lastKnownFileType = sourcecode.c.h; path = ViewController.h; sourceTree = "<group>"; };
		59B6DC5A193BC34C00E1AE0D /* ViewController.m */ = {isa = PBXFileReference; lastKnownFileType = sourcecode.c.objc; path = ViewController.m; sourceTree = "<group>"; };
		59B6DC5C193BC34C00E1AE0D /* Images.xcassets */ = {isa = PBXFileReference; lastKnownFileType = folder.assetcatalog; path = Images.xcassets; sourceTree = "<group>"; };
		59B6DC62193BC34C00E1AE0D /* Impact of a ClaimTests.xctest */ = {isa = PBXFileReference; explicitFileType = wrapper.cfbundle; includeInIndex = 0; path = "Impact of a ClaimTests.xctest"; sourceTree = BUILT_PRODUCTS_DIR; };
		59B6DC63193BC34C00E1AE0D /* XCTest.framework */ = {isa = PBXFileReference; lastKnownFileType = wrapper.framework; name = XCTest.framework; path = Library/Frameworks/XCTest.framework; sourceTree = DEVELOPER_DIR; };
		59B6DC6B193BC34C00E1AE0D /* Impact of a ClaimTests-Info.plist */ = {isa = PBXFileReference; lastKnownFileType = text.plist.xml; path = "Impact of a ClaimTests-Info.plist"; sourceTree = "<group>"; };
		59B6DC6D193BC34C00E1AE0D /* en */ = {isa = PBXFileReference; lastKnownFileType = text.plist.strings; name = en; path = en.lproj/InfoPlist.strings; sourceTree = "<group>"; };
		59B6DC6F193BC34C00E1AE0D /* Impact_of_a_ClaimTests.m */ = {isa = PBXFileReference; lastKnownFileType = sourcecode.c.objc; path = Impact_of_a_ClaimTests.m; sourceTree = "<group>"; };
/* End PBXFileReference section */

/* Begin PBXFrameworksBuildPhase section */
		59B6DC3B193BC34B00E1AE0D /* Frameworks */ = {
			isa = PBXFrameworksBuildPhase;
			buildActionMask = 2147483647;
			files = (
				59B6DC44193BC34C00E1AE0D /* CoreGraphics.framework in Frameworks */,
				59B6DC46193BC34C00E1AE0D /* UIKit.framework in Frameworks */,
				59B6DC42193BC34B00E1AE0D /* Foundation.framework in Frameworks */,
			);
			runOnlyForDeploymentPostprocessing = 0;
		};
		59B6DC5F193BC34C00E1AE0D /* Frameworks */ = {
			isa = PBXFrameworksBuildPhase;
			buildActionMask = 2147483647;
			files = (
				59B6DC64193BC34C00E1AE0D /* XCTest.framework in Frameworks */,
				59B6DC66193BC34C00E1AE0D /* UIKit.framework in Frameworks */,
				59B6DC65193BC34C00E1AE0D /* Foundation.framework in Frameworks */,
			);
			runOnlyForDeploymentPostprocessing = 0;
		};
/* End PBXFrameworksBuildPhase section */

/* Begin PBXGroup section */
		59B6DC35193BC34B00E1AE0D = {
			isa = PBXGroup;
			children = (
				59B6DC47193BC34C00E1AE0D /* Impact of a Claim */,
				59B6DC69193BC34C00E1AE0D /* Impact of a ClaimTests */,
				59B6DC40193BC34B00E1AE0D /* Frameworks */,
				59B6DC3F193BC34B00E1AE0D /* Products */,
			);
			sourceTree = "<group>";
		};
		59B6DC3F193BC34B00E1AE0D /* Products */ = {
			isa = PBXGroup;
			children = (
				59B6DC3E193BC34B00E1AE0D /* Impact of a Claim.app */,
				59B6DC62193BC34C00E1AE0D /* Impact of a ClaimTests.xctest */,
			);
			name = Products;
			sourceTree = "<group>";
		};
		59B6DC40193BC34B00E1AE0D /* Frameworks */ = {
			isa = PBXGroup;
			children = (
				59B6DC41193BC34B00E1AE0D /* Foundation.framework */,
				59B6DC43193BC34C00E1AE0D /* CoreGraphics.framework */,
				59B6DC45193BC34C00E1AE0D /* UIKit.framework */,
				59B6DC63193BC34C00E1AE0D /* XCTest.framework */,
			);
			name = Frameworks;
			sourceTree = "<group>";
		};
		59B6DC47193BC34C00E1AE0D /* Impact of a Claim */ = {
			isa = PBXGroup;
			children = (
				59B6DC50193BC34C00E1AE0D /* AppDelegate.h */,
				59B6DC51193BC34C00E1AE0D /* AppDelegate.m */,
				59B6DC53193BC34C00E1AE0D /* Main_iPhone.storyboard */,
				59B6DC56193BC34C00E1AE0D /* Main_iPad.storyboard */,
				59B6DC59193BC34C00E1AE0D /* ViewController.h */,
				59B6DC5A193BC34C00E1AE0D /* ViewController.m */,
				59B6DC5C193BC34C00E1AE0D /* Images.xcassets */,
				59B6DC48193BC34C00E1AE0D /* Supporting Files */,
			);
			path = "Impact of a Claim";
			sourceTree = "<group>";
		};
		59B6DC48193BC34C00E1AE0D /* Supporting Files */ = {
			isa = PBXGroup;
			children = (
				59B6DC49193BC34C00E1AE0D /* Impact of a Claim-Info.plist */,
				59B6DC4A193BC34C00E1AE0D /* InfoPlist.strings */,
				59B6DC4D193BC34C00E1AE0D /* main.m */,
				59B6DC4F193BC34C00E1AE0D /* Impact of a Claim-Prefix.pch */,
			);
			name = "Supporting Files";
			sourceTree = "<group>";
		};
		59B6DC69193BC34C00E1AE0D /* Impact of a ClaimTests */ = {
			isa = PBXGroup;
			children = (
				59B6DC6F193BC34C00E1AE0D /* Impact_of_a_ClaimTests.m */,
				59B6DC6A193BC34C00E1AE0D /* Supporting Files */,
			);
			path = "Impact of a ClaimTests";
			sourceTree = "<group>";
		};
		59B6DC6A193BC34C00E1AE0D /* Supporting Files */ = {
			isa = PBXGroup;
			children = (
				59B6DC6B193BC34C00E1AE0D /* Impact of a ClaimTests-Info.plist */,
				59B6DC6C193BC34C00E1AE0D /* InfoPlist.strings */,
			);
			name = "Supporting Files";
			sourceTree = "<group>";
		};
/* End PBXGroup section */

/* Begin PBXNativeTarget section */
		59B6DC3D193BC34B00E1AE0D /* Impact of a Claim */ = {
			isa = PBXNativeTarget;
			buildConfigurationList = 59B6DC73193BC34C00E1AE0D /* Build configuration list for PBXNativeTarget "Impact of a Claim" */;
			buildPhases = (
				59B6DC3A193BC34B00E1AE0D /* Sources */,
				59B6DC3B193BC34B00E1AE0D /* Frameworks */,
				59B6DC3C193BC34B00E1AE0D /* Resources */,
			);
			buildRules = (
			);
			dependencies = (
			);
			name = "Impact of a Claim";
			productName = "Impact of a Claim";
			productReference = 59B6DC3E193BC34B00E1AE0D /* Impact of a Claim.app */;
			productType = "com.apple.product-type.application";
		};
		59B6DC61193BC34C00E1AE0D /* Impact of a ClaimTests */ = {
			isa = PBXNativeTarget;
			buildConfigurationList = 59B6DC76193BC34C00E1AE0D /* Build configuration list for PBXNativeTarget "Impact of a ClaimTests" */;
			buildPhases = (
				59B6DC5E193BC34C00E1AE0D /* Sources */,
				59B6DC5F193BC34C00E1AE0D /* Frameworks */,
				59B6DC60193BC34C00E1AE0D /* Resources */,
			);
			buildRules = (
			);
			dependencies = (
				59B6DC68193BC34C00E1AE0D /* PBXTargetDependency */,
			);
			name = "Impact of a ClaimTests";
			productName = "Impact of a ClaimTests";
			productReference = 59B6DC62193BC34C00E1AE0D /* Impact of a ClaimTests.xctest */;
			productType = "com.apple.product-type.bundle.unit-test";
		};
/* End PBXNativeTarget section */

/* Begin PBXProject section */
		59B6DC36193BC34B00E1AE0D /* Project object */ = {
			isa = PBXProject;
			attributes = {
				LastUpgradeCheck = 0510;
				ORGANIZATIONNAME = "Hausmann-Johnson Insurance";
				TargetAttributes = {
					59B6DC61193BC34C00E1AE0D = {
						TestTargetID = 59B6DC3D193BC34B00E1AE0D;
					};
				};
			};
			buildConfigurationList = 59B6DC39193BC34B00E1AE0D /* Build configuration list for PBXProject "Impact of a Claim" */;
			compatibilityVersion = "Xcode 3.2";
			developmentRegion = English;
			hasScannedForEncodings = 0;
			knownRegions = (
				en,
				Base,
			);
			mainGroup = 59B6DC35193BC34B00E1AE0D;
			productRefGroup = 59B6DC3F193BC34B00E1AE0D /* Products */;
			projectDirPath = "";
			projectRoot = "";
			targets = (
				59B6DC3D193BC34B00E1AE0D /* Impact of a Claim */,
				59B6DC61193BC34C00E1AE0D /* Impact of a ClaimTests */,
			);
		};
/* End PBXProject section */

/* Begin PBXResourcesBuildPhase section */
		59B6DC3C193BC34B00E1AE0D /* Resources */ = {
			isa = PBXResourcesBuildPhase;
			buildActionMask = 2147483647;
			files = (
				59B6DC58193BC34C00E1AE0D /* Main_iPad.storyboard in Resources */,
				59B6DC5D193BC34C00E1AE0D /* Images.xcassets in Resources */,
				59B6DC55193BC34C00E1AE0D /* Main_iPhone.storyboard in Resources */,
				59B6DC4C193BC34C00E1AE0D /* InfoPlist.strings in Resources */,
			);
			runOnlyForDeploymentPostprocessing = 0;
		};
		59B6DC60193BC34C00E1AE0D /* Resources */ = {
			isa = PBXResourcesBuildPhase;
			buildActionMask = 2147483647;
			files = (
				59B6DC6E193BC34C00E1AE0D /* InfoPlist.strings in Resources */,
			);
			runOnlyForDeploymentPostprocessing = 0;
		};
/* End PBXResourcesBuildPhase section */

/* Begin PBXSourcesBuildPhase section */
		59B6DC3A193BC34B00E1AE0D /* Sources */ = {
			isa = PBXSourcesBuildPhase;
			buildActionMask = 2147483647;
			files = (
				59B6DC5B193BC34C00E1AE0D /* ViewController.m in Sources */,
				59B6DC52193BC34C00E1AE0D /* AppDelegate.m in Sources */,
				59B6DC4E193BC34C00E1AE0D /* main.m in Sources */,
			);
			runOnlyForDeploymentPostprocessing = 0;
		};
		59B6DC5E193BC34C00E1AE0D /* Sources */ = {
			isa = PBXSourcesBuildPhase;
			buildActionMask = 2147483647;
			files = (
				59B6DC70193BC34C00E1AE0D /* Impact_of_a_ClaimTests.m in Sources */,
			);
			runOnlyForDeploymentPostprocessing = 0;
		};
/* End PBXSourcesBuildPhase section */

/* Begin PBXTargetDependency section */
		59B6DC68193BC34C00E1AE0D /* PBXTargetDependency */ = {
			isa = PBXTargetDependency;
			target = 59B6DC3D193BC34B00E1AE0D /* Impact of a Claim */;
			targetProxy = 59B6DC67193BC34C00E1AE0D /* PBXContainerItemProxy */;
		};
/* End PBXTargetDependency section */

/* Begin PBXVariantGroup section */
		59B6DC4A193BC34C00E1AE0D /* InfoPlist.strings */ = {
			isa = PBXVariantGroup;
			children = (
				59B6DC4B193BC34C00E1AE0D /* en */,
			);
			name = InfoPlist.strings;
			sourceTree = "<group>";
		};
		59B6DC53193BC34C00E1AE0D /* Main_iPhone.storyboard */ = {
			isa = PBXVariantGroup;
			children = (
				59B6DC54193BC34C00E1AE0D /* Base */,
			);
			name = Main_iPhone.storyboard;
			sourceTree = "<group>";
		};
		59B6DC56193BC34C00E1AE0D /* Main_iPad.storyboard */ = {
			isa = PBXVariantGroup;
			children = (
				59B6DC57193BC34C00E1AE0D /* Base */,
			);
			name = Main_iPad.storyboard;
			sourceTree = "<group>";
		};
		59B6DC6C193BC34C00E1AE0D /* InfoPlist.strings */ = {
			isa = PBXVariantGroup;
			children = (
				59B6DC6D193BC34C00E1AE0D /* en */,
			);
			name = InfoPlist.strings;
			sourceTree = "<group>";
		};
/* End PBXVariantGroup section */

/* Begin XCBuildConfiguration section */
		59B6DC71193BC34C00E1AE0D /* Debug */ = {
			isa = XCBuildConfiguration;
			buildSettings = {
				ALWAYS_SEARCH_USER_PATHS = NO;
				CLANG_CXX_LANGUAGE_STANDARD = "gnu++0x";
				CLANG_CXX_LIBRARY = "libc++";
				CLANG_ENABLE_MODULES = YES;
				CLANG_ENABLE_OBJC_ARC = YES;
				CLANG_WARN_BOOL_CONVERSION = YES;
				CLANG_WARN_CONSTANT_CONVERSION = YES;
				CLANG_WARN_DIRECT_OBJC_ISA_USAGE = YES_ERROR;
				CLANG_WARN_EMPTY_BODY = YES;
				CLANG_WARN_ENUM_CONVERSION = YES;
				CLANG_WARN_INT_CONVERSION = YES;
				CLANG_WARN_OBJC_ROOT_CLASS = YES_ERROR;
				CLANG_WARN__DUPLICATE_METHOD_MATCH = YES;
				"CODE_SIGN_IDENTITY[sdk=iphoneos*]" = "iPhone Developer";
				COPY_PHASE_STRIP = NO;
				GCC_C_LANGUAGE_STANDARD = gnu99;
				GCC_DYNAMIC_NO_PIC = NO;
				GCC_OPTIMIZATION_LEVEL = 0;
				GCC_PREPROCESSOR_DEFINITIONS = (
					"DEBUG=1",
					"$(inherited)",
				);
				GCC_SYMBOLS_PRIVATE_EXTERN = NO;
				GCC_WARN_64_TO_32_BIT_CONVERSION = YES;
				GCC_WARN_ABOUT_RETURN_TYPE = YES_ERROR;
				GCC_WARN_UNDECLARED_SELECTOR = YES;
				GCC_WARN_UNINITIALIZED_AUTOS = YES_AGGRESSIVE;
				GCC_WARN_UNUSED_FUNCTION = YES;
				GCC_WARN_UNUSED_VARIABLE = YES;
				IPHONEOS_DEPLOYMENT_TARGET = 7.1;
				ONLY_ACTIVE_ARCH = YES;
				SDKROOT = iphoneos;
				TARGETED_DEVICE_FAMILY = "1,2";
			};
			name = Debug;
		};
		59B6DC72193BC34C00E1AE0D /* Release */ = {
			isa = XCBuildConfiguration;
			buildSettings = {
				ALWAYS_SEARCH_USER_PATHS = NO;
				CLANG_CXX_LANGUAGE_STANDARD = "gnu++0x";
				CLANG_CXX_LIBRARY = "libc++";
				CLANG_ENABLE_MODULES = YES;
				CLANG_ENABLE_OBJC_ARC = YES;
				CLANG_WARN_BOOL_CONVERSION = YES;
				CLANG_WARN_CONSTANT_CONVERSION = YES;
				CLANG_WARN_DIRECT_OBJC_ISA_USAGE = YES_ERROR;
				CLANG_WARN_EMPTY_BODY = YES;
				CLANG_WARN_ENUM_CONVERSION = YES;
				CLANG_WARN_INT_CONVERSION = YES;
				CLANG_WARN_OBJC_ROOT_CLASS = YES_ERROR;
				CLANG_WARN__DUPLICATE_METHOD_MATCH = YES;
				"CODE_SIGN_IDENTITY[sdk=iphoneos*]" = "iPhone Developer";
				COPY_PHASE_STRIP = YES;
				ENABLE_NS_ASSERTIONS = NO;
				GCC_C_LANGUAGE_STANDARD = gnu99;
				GCC_WARN_64_TO_32_BIT_CONVERSION = YES;
				GCC_WARN_ABOUT_RETURN_TYPE = YES_ERROR;
				GCC_WARN_UNDECLARED_SELECTOR = YES;
				GCC_WARN_UNINITIALIZED_AUTOS = YES_AGGRESSIVE;
				GCC_WARN_UNUSED_FUNCTION = YES;
				GCC_WARN_UNUSED_VARIABLE = YES;
				IPHONEOS_DEPLOYMENT_TARGET = 7.1;
				SDKROOT = iphoneos;
				TARGETED_DEVICE_FAMILY = "1,2";
				VALIDATE_PRODUCT = YES;
			};
			name = Release;
		};
		59B6DC74193BC34C00E1AE0D /* Debug */ = {
			isa = XCBuildConfiguration;
			buildSettings = {
				ASSETCATALOG_COMPILER_APPICON_NAME = AppIcon;
				ASSETCATALOG_COMPILER_LAUNCHIMAGE_NAME = LaunchImage;
				GCC_PRECOMPILE_PREFIX_HEADER = YES;
				GCC_PREFIX_HEADER = "Impact of a Claim/Impact of a Claim-Prefix.pch";
				INFOPLIST_FILE = "Impact of a Claim/Impact of a Claim-Info.plist";
				PRODUCT_NAME = "$(TARGET_NAME)";
				WRAPPER_EXTENSION = app;
			};
			name = Debug;
		};
		59B6DC75193BC34C00E1AE0D /* Release */ = {
			isa = XCBuildConfiguration;
			buildSettings = {
				ASSETCATALOG_COMPILER_APPICON_NAME = AppIcon;
				ASSETCATALOG_COMPILER_LAUNCHIMAGE_NAME = LaunchImage;
				GCC_PRECOMPILE_PREFIX_HEADER = YES;
				GCC_PREFIX_HEADER = "Impact of a Claim/Impact of a Claim-Prefix.pch";
				INFOPLIST_FILE = "Impact of a Claim/Impact of a Claim-Info.plist";
				PRODUCT_NAME = "$(TARGET_NAME)";
				WRAPPER_EXTENSION = app;
			};
			name = Release;
		};
		59B6DC77193BC34C00E1AE0D /* Debug */ = {
			isa = XCBuildConfiguration;
			buildSettings = {
				BUNDLE_LOADER = "$(BUILT_PRODUCTS_DIR)/Impact of a Claim.app/Impact of a Claim";
				FRAMEWORK_SEARCH_PATHS = (
					"$(SDKROOT)/Developer/Library/Frameworks",
					"$(inherited)",
					"$(DEVELOPER_FRAMEWORKS_DIR)",
				);
				GCC_PRECOMPILE_PREFIX_HEADER = YES;
				GCC_PREFIX_HEADER = "Impact of a Claim/Impact of a Claim-Prefix.pch";
				GCC_PREPROCESSOR_DEFINITIONS = (
					"DEBUG=1",
					"$(inherited)",
				);
				INFOPLIST_FILE = "Impact of a ClaimTests/Impact of a ClaimTests-Info.plist";
				PRODUCT_NAME = "$(TARGET_NAME)";
				TEST_HOST = "$(BUNDLE_LOADER)";
				WRAPPER_EXTENSION = xctest;
			};
			name = Debug;
		};
		59B6DC78193BC34C00E1AE0D /* Release */ = {
			isa = XCBuildConfiguration;
			buildSettings = {
				BUNDLE_LOADER = "$(BUILT_PRODUCTS_DIR)/Impact of a Claim.app/Impact of a Claim";
				FRAMEWORK_SEARCH_PATHS = (
					"$(SDKROOT)/Developer/Library/Frameworks",
					"$(inherited)",
					"$(DEVELOPER_FRAMEWORKS_DIR)",
				);
				GCC_PRECOMPILE_PREFIX_HEADER = YES;
				GCC_PREFIX_HEADER = "Impact of a Claim/Impact of a Claim-Prefix.pch";
				INFOPLIST_FILE = "Impact of a ClaimTests/Impact of a ClaimTests-Info.plist";
				PRODUCT_NAME = "$(TARGET_NAME)";
				TEST_HOST = "$(BUNDLE_LOADER)";
				WRAPPER_EXTENSION = xctest;
			};
			name = Release;
		};
/* End XCBuildConfiguration section */

/* Begin XCConfigurationList section */
		59B6DC39193BC34B00E1AE0D /* Build configuration list for PBXProject "Impact of a Claim" */ = {
			isa = XCConfigurationList;
			buildConfigurations = (
				59B6DC71193BC34C00E1AE0D /* Debug */,
				59B6DC72193BC34C00E1AE0D /* Release */,
			);
			defaultConfigurationIsVisible = 0;
			defaultConfigurationName = Release;
		};
		59B6DC73193BC34C00E1AE0D /* Build configuration list for PBXNativeTarget "Impact of a Claim" */ = {
			isa = XCConfigurationList;
			buildConfigurations = (
				59B6DC74193BC34C00E1AE0D /* Debug */,
				59B6DC75193BC34C00E1AE0D /* Release */,
			);
			defaultConfigurationIsVisible = 0;
		};
		59B6DC76193BC34C00E1AE0D /* Build configuration list for PBXNativeTarget "Impact of a ClaimTests" */ = {
			isa = XCConfigurationList;
			buildConfigurations = (
				59B6DC77193BC34C00E1AE0D /* Debug */,
				59B6DC78193BC34C00E1AE0D /* Release */,
			);
			defaultConfigurationIsVisible = 0;
		};
/* End XCConfigurationList section */
	};
	rootObject = 59B6DC36193BC34B00E1AE0D /* Project object */;
}
